
Microsoft Visual Studio Solution File, Format Version 12.00
# Visual Studio Version 17
VisualStudioVersion = 17.1.32407.343
MinimumVisualStudioVersion = 10.0.40219.1
Project("{FAE04EC0-301F-11D3-BF4B-00C04F79EFBC}") = "Clovek_Seznameni", "Clovek_Seznameni\Clovek_Seznameni.csproj", "{E1C8CCD2-43E0-4ED9-B6C4-B57E34B47ABE}"
EndProject
Global
	GlobalSection(SolutionConfigurationPlatforms) = preSolution
		Debug|Any CPU = Debug|Any CPU
		Release|Any CPU = Release|Any CPU
	EndGlobalSection
	GlobalSection(ProjectConfigurationPlatforms) = postSolution
		{E1C8CCD2-43E0-4ED9-B6C4-B57E34B47ABE}.Debug|Any CPU.ActiveCfg = Debug|Any CPU
		{E1C8CCD2-43E0-4ED9-B6C4-B57E34B47ABE}.Debug|Any CPU.Build.0 = Debug|Any CPU
		{E1C8CCD2-43E0-4ED9-B6C4-B57E34B47ABE}.Release|Any CPU.ActiveCfg = Release|Any CPU
		{E1C8CCD2-43E0-4ED9-B6C4-B57E34B47ABE}.Release|Any CPU.Build.0 = Release|Any CPU
	EndGlobalSection
	GlobalSection(SolutionProperties) = preSolution
		HideSolutionNode = FALSE
	EndGlobalSection
	GlobalSection(ExtensibilityGlobals) = postSolution
		SolutionGuid = {811E4783-ED8C-4DAB-9190-2D2390328BF3}
	EndGlobalSection
EndGlobal
